
Microsoft Visual Studio Solution File, Format Version 12.00
# Visual Studio Version 16
VisualStudioVersion = 16.0.29209.152
MinimumVisualStudioVersion = 10.0.40219.1
Project("{FAE04EC0-301F-11D3-BF4B-00C04F79EFBC}") = "TestJ", "TestJ\TestJ.csproj", "{536EEA35-F5CA-41A4-82BD-EB38744F22E0}"
EndProject
Global
	GlobalSection(SolutionConfigurationPlatforms) = preSolution
		Debug|Any CPU = Debug|Any CPU
		Release|Any CPU = Release|Any CPU
	EndGlobalSection
	GlobalSection(ProjectConfigurationPlatforms) = postSolution
		{536EEA35-F5CA-41A4-82BD-EB38744F22E0}.Debug|Any CPU.ActiveCfg = Debug|Any CPU
		{536EEA35-F5CA-41A4-82BD-EB38744F22E0}.Debug|Any CPU.Build.0 = Debug|Any CPU
		{536EEA35-F5CA-41A4-82BD-EB38744F22E0}.Release|Any CPU.ActiveCfg = Release|Any CPU
		{536EEA35-F5CA-41A4-82BD-EB38744F22E0}.Release|Any CPU.Build.0 = Release|Any CPU
	EndGlobalSection
	GlobalSection(SolutionProperties) = preSolution
		HideSolutionNode = FALSE
	EndGlobalSection
	GlobalSection(ExtensibilityGlobals) = postSolution
		SolutionGuid = {21ED4701-0672-4AFD-9A72-A76A75EA1DA3}
	EndGlobalSection
EndGlobal
